
Microsoft Visual Studio Solution File, Format Version 12.00
# Visual Studio Version 17
VisualStudioVersion = 17.2.32519.379
MinimumVisualStudioVersion = 10.0.40219.1
Project("{FAE04EC0-301F-11D3-BF4B-00C04F79EFBC}") = "MobileCalculator.Android", "MobileCalculator\MobileCalculator.Android\MobileCalculator.Android.csproj", "{22E594C3-4DD7-434B-AC38-EA94E038A294}"
EndProject
Project("{FAE04EC0-301F-11D3-BF4B-00C04F79EFBC}") = "MobileCalculator", "MobileCalculator\MobileCalculator\MobileCalculator.csproj", "{578CDCB0-82D6-4A00-8883-2DC0C27A1D2B}"
EndProject
Global
	GlobalSection(SolutionConfigurationPlatforms) = preSolution
		Debug|Any CPU = Debug|Any CPU
		Release|Any CPU = Release|Any CPU
	EndGlobalSection
	GlobalSection(ProjectConfigurationPlatforms) = postSolution
		{22E594C3-4DD7-434B-AC38-EA94E038A294}.Debug|Any CPU.ActiveCfg = Debug|Any CPU
		{22E594C3-4DD7-434B-AC38-EA94E038A294}.Debug|Any CPU.Build.0 = Debug|Any CPU
		{22E594C3-4DD7-434B-AC38-EA94E038A294}.Debug|Any CPU.Deploy.0 = Debug|Any CPU
		{22E594C3-4DD7-434B-AC38-EA94E038A294}.Release|Any CPU.ActiveCfg = Release|Any CPU
		{22E594C3-4DD7-434B-AC38-EA94E038A294}.Release|Any CPU.Build.0 = Release|Any CPU
		{22E594C3-4DD7-434B-AC38-EA94E038A294}.Release|Any CPU.Deploy.0 = Release|Any CPU
		{578CDCB0-82D6-4A00-8883-2DC0C27A1D2B}.Debug|Any CPU.ActiveCfg = Debug|Any CPU
		{578CDCB0-82D6-4A00-8883-2DC0C27A1D2B}.Debug|Any CPU.Build.0 = Debug|Any CPU
		{578CDCB0-82D6-4A00-8883-2DC0C27A1D2B}.Debug|Any CPU.Deploy.0 = Debug|Any CPU
		{578CDCB0-82D6-4A00-8883-2DC0C27A1D2B}.Release|Any CPU.ActiveCfg = Release|Any CPU
		{578CDCB0-82D6-4A00-8883-2DC0C27A1D2B}.Release|Any CPU.Build.0 = Release|Any CPU
		{578CDCB0-82D6-4A00-8883-2DC0C27A1D2B}.Release|Any CPU.Deploy.0 = Release|Any CPU
	EndGlobalSection
	GlobalSection(SolutionProperties) = preSolution
		HideSolutionNode = FALSE
	EndGlobalSection
	GlobalSection(ExtensibilityGlobals) = postSolution
		SolutionGuid = {51CBE6F3-56A9-47AD-A59C-9C917D92B17B}
	EndGlobalSection
EndGlobal
